// !$*UTF8*$!
{
	archiveVersion = 1;
	classes = {
	};
	objectVersion = 50;
	objects = {

/* Begin PBXBuildFile section */
		FA018EA52200C6D3002AFF2C /* AppDelegate.swift in Sources */ = {isa = PBXBuildFile; fileRef = FA018EA42200C6D3002AFF2C /* AppDelegate.swift */; };
		FA018EA72200C6D3002AFF2C /* GoalMainVC.swift in Sources */ = {isa = PBXBuildFile; fileRef = FA018EA62200C6D3002AFF2C /* GoalMainVC.swift */; };
		FA018EAA2200C6D3002AFF2C /* Main.storyboard in Resources */ = {isa = PBXBuildFile; fileRef = FA018EA82200C6D3002AFF2C /* Main.storyboard */; };
		FA018EAC2200C6DA002AFF2C /* Assets.xcassets in Resources */ = {isa = PBXBuildFile; fileRef = FA018EAB2200C6DA002AFF2C /* Assets.xcassets */; };
		FA018EAF2200C6DA002AFF2C /* LaunchScreen.storyboard in Resources */ = {isa = PBXBuildFile; fileRef = FA018EAD2200C6DA002AFF2C /* LaunchScreen.storyboard */; };
		FACD04A522034439005F39CE /* GoalCell.swift in Sources */ = {isa = PBXBuildFile; fileRef = FACD04A422034439005F39CE /* GoalCell.swift */; };
		FACD04A722034FA0005F39CE /* GoalType.swift in Sources */ = {isa = PBXBuildFile; fileRef = FACD04A622034FA0005F39CE /* GoalType.swift */; };
		FACD04AA22035250005F39CE /* goal_set.xcdatamodeld in Sources */ = {isa = PBXBuildFile; fileRef = FACD04A822035250005F39CE /* goal_set.xcdatamodeld */; };
		FACD04AC2203593E005F39CE /* CreateGoalVC.swift in Sources */ = {isa = PBXBuildFile; fileRef = FACD04AB2203593E005F39CE /* CreateGoalVC.swift */; };
		FACD04AE22035B8C005F39CE /* UIViewControllerExt.swift in Sources */ = {isa = PBXBuildFile; fileRef = FACD04AD22035B8C005F39CE /* UIViewControllerExt.swift */; };
		FACD04B022035DFE005F39CE /* UIViewExt.swift in Sources */ = {isa = PBXBuildFile; fileRef = FACD04AF22035DFE005F39CE /* UIViewExt.swift */; };
		FACD04B222035EE6005F39CE /* UIButtonExt.swift in Sources */ = {isa = PBXBuildFile; fileRef = FACD04B122035EE6005F39CE /* UIButtonExt.swift */; };
/* End PBXBuildFile section */

/* Begin PBXFileReference section */
		FA018EA12200C6D3002AFF2C /* SwiftGoalCoreDataAppStarter.app */ = {isa = PBXFileReference; explicitFileType = wrapper.application; includeInIndex = 0; path = SwiftGoalCoreDataAppStarter.app; sourceTree = BUILT_PRODUCTS_DIR; };
		FA018EA42200C6D3002AFF2C /* AppDelegate.swift */ = {isa = PBXFileReference; lastKnownFileType = sourcecode.swift; path = AppDelegate.swift; sourceTree = "<group>"; };
		FA018EA62200C6D3002AFF2C /* GoalMainVC.swift */ = {isa = PBXFileReference; lastKnownFileType = sourcecode.swift; path = GoalMainVC.swift; sourceTree = "<group>"; };
		FA018EA92200C6D3002AFF2C /* Base */ = {isa = PBXFileReference; lastKnownFileType = file.storyboard; name = Base; path = Base.lproj/Main.storyboard; sourceTree = "<group>"; };
		FA018EAB2200C6DA002AFF2C /* Assets.xcassets */ = {isa = PBXFileReference; lastKnownFileType = folder.assetcatalog; path = Assets.xcassets; sourceTree = "<group>"; };
		FA018EAE2200C6DA002AFF2C /* Base */ = {isa = PBXFileReference; lastKnownFileType = file.storyboard; name = Base; path = Base.lproj/LaunchScreen.storyboard; sourceTree = "<group>"; };
		FA018EB02200C6DA002AFF2C /* Info.plist */ = {isa = PBXFileReference; lastKnownFileType = text.plist.xml; path = Info.plist; sourceTree = "<group>"; };
		FACD04A422034439005F39CE /* GoalCell.swift */ = {isa = PBXFileReference; lastKnownFileType = sourcecode.swift; path = GoalCell.swift; sourceTree = "<group>"; };
		FACD04A622034FA0005F39CE /* GoalType.swift */ = {isa = PBXFileReference; lastKnownFileType = sourcecode.swift; path = GoalType.swift; sourceTree = "<group>"; };
		FACD04A922035250005F39CE /* goal_set.xcdatamodel */ = {isa = PBXFileReference; lastKnownFileType = wrapper.xcdatamodel; path = goal_set.xcdatamodel; sourceTree = "<group>"; };
		FACD04AB2203593E005F39CE /* CreateGoalVC.swift */ = {isa = PBXFileReference; lastKnownFileType = sourcecode.swift; path = CreateGoalVC.swift; sourceTree = "<group>"; };
		FACD04AD22035B8C005F39CE /* UIViewControllerExt.swift */ = {isa = PBXFileReference; lastKnownFileType = sourcecode.swift; path = UIViewControllerExt.swift; sourceTree = "<group>"; };
		FACD04AF22035DFE005F39CE /* UIViewExt.swift */ = {isa = PBXFileReference; lastKnownFileType = sourcecode.swift; path = UIViewExt.swift; sourceTree = "<group>"; };
		FACD04B122035EE6005F39CE /* UIButtonExt.swift */ = {isa = PBXFileReference; lastKnownFileType = sourcecode.swift; path = UIButtonExt.swift; sourceTree = "<group>"; };
/* End PBXFileReference section */

/* Begin PBXFrameworksBuildPhase section */
		FA018E9E2200C6D3002AFF2C /* Frameworks */ = {
			isa = PBXFrameworksBuildPhase;
			buildActionMask = 2147483647;
			files = (
			);
			runOnlyForDeploymentPostprocessing = 0;
		};
/* End PBXFrameworksBuildPhase section */

/* Begin PBXGroup section */
		FA018E982200C6D2002AFF2C = {
			isa = PBXGroup;
			children = (
				FA018EA32200C6D3002AFF2C /* SwiftGoalCoreDataAppStarter */,
				FA018EA22200C6D3002AFF2C /* Products */,
			);
			sourceTree = "<group>";
		};
		FA018EA22200C6D3002AFF2C /* Products */ = {
			isa = PBXGroup;
			children = (
				FA018EA12200C6D3002AFF2C /* SwiftGoalCoreDataAppStarter.app */,
			);
			name = Products;
			sourceTree = "<group>";
		};
		FA018EA32200C6D3002AFF2C /* SwiftGoalCoreDataAppStarter */ = {
			isa = PBXGroup;
			children = (
				FACD04A3220340B2005F39CE /* View */,
				FACD04A2220340A7005F39CE /* Controllers */,
				FACD04A02203408E005F39CE /* Enums */,
				FACD049F22034078005F39CE /* Extensions */,
				FA018EA42200C6D3002AFF2C /* AppDelegate.swift */,
				FA018EA82200C6D3002AFF2C /* Main.storyboard */,
				FA018EAB2200C6DA002AFF2C /* Assets.xcassets */,
				FA018EAD2200C6DA002AFF2C /* LaunchScreen.storyboard */,
				FA018EB02200C6DA002AFF2C /* Info.plist */,
				FACD04A822035250005F39CE /* goal_set.xcdatamodeld */,
			);
			path = SwiftGoalCoreDataAppStarter;
			sourceTree = "<group>";
		};
		FACD049F22034078005F39CE /* Extensions */ = {
			isa = PBXGroup;
			children = (
				FACD04AD22035B8C005F39CE /* UIViewControllerExt.swift */,
				FACD04AF22035DFE005F39CE /* UIViewExt.swift */,
				FACD04B122035EE6005F39CE /* UIButtonExt.swift */,
			);
			path = Extensions;
			sourceTree = "<group>";
		};
		FACD04A02203408E005F39CE /* Enums */ = {
			isa = PBXGroup;
			children = (
				FACD04A622034FA0005F39CE /* GoalType.swift */,
			);
			path = Enums;
			sourceTree = "<group>";
		};
		FACD04A2220340A7005F39CE /* Controllers */ = {
			isa = PBXGroup;
			children = (
				FA018EA62200C6D3002AFF2C /* GoalMainVC.swift */,
				FACD04AB2203593E005F39CE /* CreateGoalVC.swift */,
			);
			path = Controllers;
			sourceTree = "<group>";
		};
		FACD04A3220340B2005F39CE /* View */ = {
			isa = PBXGroup;
			children = (
				FACD04A422034439005F39CE /* GoalCell.swift */,
			);
			path = View;
			sourceTree = "<group>";
		};
/* End PBXGroup section */

/* Begin PBXNativeTarget section */
		FA018EA02200C6D3002AFF2C /* SwiftGoalCoreDataAppStarter */ = {
			isa = PBXNativeTarget;
			buildConfigurationList = FA018EB32200C6DA002AFF2C /* Build configuration list for PBXNativeTarget "SwiftGoalCoreDataAppStarter" */;
			buildPhases = (
				FA018E9D2200C6D3002AFF2C /* Sources */,
				FA018E9E2200C6D3002AFF2C /* Frameworks */,
				FA018E9F2200C6D3002AFF2C /* Resources */,
			);
			buildRules = (
			);
			dependencies = (
			);
			name = SwiftGoalCoreDataAppStarter;
			productName = SwiftGoalCoreDataAppStarter;
			productReference = FA018EA12200C6D3002AFF2C /* SwiftGoalCoreDataAppStarter.app */;
			productType = "com.apple.product-type.application";
		};
/* End PBXNativeTarget section */

/* Begin PBXProject section */
		FA018E992200C6D2002AFF2C /* Project object */ = {
			isa = PBXProject;
			attributes = {
				LastSwiftUpdateCheck = 1010;
				LastUpgradeCheck = 1010;
				ORGANIZATIONNAME = Ahil;
				TargetAttributes = {
					FA018EA02200C6D3002AFF2C = {
						CreatedOnToolsVersion = 10.1;
					};
				};
			};
			buildConfigurationList = FA018E9C2200C6D2002AFF2C /* Build configuration list for PBXProject "SwiftGoalCoreDataAppStarter" */;
			compatibilityVersion = "Xcode 9.3";
			developmentRegion = en;
			hasScannedForEncodings = 0;
			knownRegions = (
				en,
				Base,
			);
			mainGroup = FA018E982200C6D2002AFF2C;
			productRefGroup = FA018EA22200C6D3002AFF2C /* Products */;
			projectDirPath = "";
			projectRoot = "";
			targets = (
				FA018EA02200C6D3002AFF2C /* SwiftGoalCoreDataAppStarter */,
			);
		};
/* End PBXProject section */

/* Begin PBXResourcesBuildPhase section */
		FA018E9F2200C6D3002AFF2C /* Resources */ = {
			isa = PBXResourcesBuildPhase;
			buildActionMask = 2147483647;
			files = (
				FA018EAF2200C6DA002AFF2C /* LaunchScreen.storyboard in Resources */,
				FA018EAC2200C6DA002AFF2C /* Assets.xcassets in Resources */,
				FA018EAA2200C6D3002AFF2C /* Main.storyboard in Resources */,
			);
			runOnlyForDeploymentPostprocessing = 0;
		};
/* End PBXResourcesBuildPhase section */

/* Begin PBXSourcesBuildPhase section */
		FA018E9D2200C6D3002AFF2C /* Sources */ = {
			isa = PBXSourcesBuildPhase;
			buildActionMask = 2147483647;
			files = (
				FA018EA72200C6D3002AFF2C /* GoalMainVC.swift in Sources */,
				FACD04AC2203593E005F39CE /* CreateGoalVC.swift in Sources */,
				FACD04AA22035250005F39CE /* goal_set.xcdatamodeld in Sources */,
				FA018EA52200C6D3002AFF2C /* AppDelegate.swift in Sources */,
				FACD04B022035DFE005F39CE /* UIViewExt.swift in Sources */,
				FACD04A722034FA0005F39CE /* GoalType.swift in Sources */,
				FACD04AE22035B8C005F39CE /* UIViewControllerExt.swift in Sources */,
				FACD04B222035EE6005F39CE /* UIButtonExt.swift in Sources */,
				FACD04A522034439005F39CE /* GoalCell.swift in Sources */,
			);
			runOnlyForDeploymentPostprocessing = 0;
		};
/* End PBXSourcesBuildPhase section */

/* Begin PBXVariantGroup section */
		FA018EA82200C6D3002AFF2C /* Main.storyboard */ = {
			isa = PBXVariantGroup;
			children = (
				FA018EA92200C6D3002AFF2C /* Base */,
			);
			name = Main.storyboard;
			sourceTree = "<group>";
		};
		FA018EAD2200C6DA002AFF2C /* LaunchScreen.storyboard */ = {
			isa = PBXVariantGroup;
			children = (
				FA018EAE2200C6DA002AFF2C /* Base */,
			);
			name = LaunchScreen.storyboard;
			sourceTree = "<group>";
		};
/* End PBXVariantGroup section */

/* Begin XCBuildConfiguration section */
		FA018EB12200C6DA002AFF2C /* Debug */ = {
			isa = XCBuildConfiguration;
			buildSettings = {
				ALWAYS_SEARCH_USER_PATHS = NO;
				CLANG_ANALYZER_NONNULL = YES;
				CLANG_ANALYZER_NUMBER_OBJECT_CONVERSION = YES_AGGRESSIVE;
				CLANG_CXX_LANGUAGE_STANDARD = "gnu++14";
				CLANG_CXX_LIBRARY = "libc++";
				CLANG_ENABLE_MODULES = YES;
				CLANG_ENABLE_OBJC_ARC = YES;
				CLANG_ENABLE_OBJC_WEAK = YES;
				CLANG_WARN_BLOCK_CAPTURE_AUTORELEASING = YES;
				CLANG_WARN_BOOL_CONVERSION = YES;
				CLANG_WARN_COMMA = YES;
				CLANG_WARN_CONSTANT_CONVERSION = YES;
				CLANG_WARN_DEPRECATED_OBJC_IMPLEMENTATIONS = YES;
				CLANG_WARN_DIRECT_OBJC_ISA_USAGE = YES_ERROR;
				CLANG_WARN_DOCUMENTATION_COMMENTS = YES;
				CLANG_WARN_EMPTY_BODY = YES;
				CLANG_WARN_ENUM_CONVERSION = YES;
				CLANG_WARN_INFINITE_RECURSION = YES;
				CLANG_WARN_INT_CONVERSION = YES;
				CLANG_WARN_NON_LITERAL_NULL_CONVERSION = YES;
				CLANG_WARN_OBJC_IMPLICIT_RETAIN_SELF = YES;
				CLANG_WARN_OBJC_LITERAL_CONVERSION = YES;
				CLANG_WARN_OBJC_ROOT_CLASS = YES_ERROR;
				CLANG_WARN_RANGE_LOOP_ANALYSIS = YES;
				CLANG_WARN_STRICT_PROTOTYPES = YES;
				CLANG_WARN_SUSPICIOUS_MOVE = YES;
				CLANG_WARN_UNGUARDED_AVAILABILITY = YES_AGGRESSIVE;
				CLANG_WARN_UNREACHABLE_CODE = YES;
				CLANG_WARN__DUPLICATE_METHOD_MATCH = YES;
				CODE_SIGN_IDENTITY = "iPhone Developer";
				COPY_PHASE_STRIP = NO;
				DEBUG_INFORMATION_FORMAT = dwarf;
				ENABLE_STRICT_OBJC_MSGSEND = YES;
				ENABLE_TESTABILITY = YES;
				GCC_C_LANGUAGE_STANDARD = gnu11;
				GCC_DYNAMIC_NO_PIC = NO;
				GCC_NO_COMMON_BLOCKS = YES;
				GCC_OPTIMIZATION_LEVEL = 0;
				GCC_PREPROCESSOR_DEFINITIONS = (
					"DEBUG=1",
					"$(inherited)",
				);
				GCC_WARN_64_TO_32_BIT_CONVERSION = YES;
				GCC_WARN_ABOUT_RETURN_TYPE = YES_ERROR;
				GCC_WARN_UNDECLARED_SELECTOR = YES;
				GCC_WARN_UNINITIALIZED_AUTOS = YES_AGGRESSIVE;
				GCC_WARN_UNUSED_FUNCTION = YES;
				GCC_WARN_UNUSED_VARIABLE = YES;
				IPHONEOS_DEPLOYMENT_TARGET = 12.1;
				MTL_ENABLE_DEBUG_INFO = INCLUDE_SOURCE;
				MTL_FAST_MATH = YES;
				ONLY_ACTIVE_ARCH = YES;
				SDKROOT = iphoneos;
				SWIFT_ACTIVE_COMPILATION_CONDITIONS = DEBUG;
				SWIFT_OPTIMIZATION_LEVEL = "-Onone";
			};
			name = Debug;
		};
		FA018EB22200C6DA002AFF2C /* Release */ = {
			isa = XCBuildConfiguration;
			buildSettings = {
				ALWAYS_SEARCH_USER_PATHS = NO;
				CLANG_ANALYZER_NONNULL = YES;
				CLANG_ANALYZER_NUMBER_OBJECT_CONVERSION = YES_AGGRESSIVE;
				CLANG_CXX_LANGUAGE_STANDARD = "gnu++14";
				CLANG_CXX_LIBRARY = "libc++";
				CLANG_ENABLE_MODULES = YES;
				CLANG_ENABLE_OBJC_ARC = YES;
				CLANG_ENABLE_OBJC_WEAK = YES;
				CLANG_WARN_BLOCK_CAPTURE_AUTORELEASING = YES;
				CLANG_WARN_BOOL_CONVERSION = YES;
				CLANG_WARN_COMMA = YES;
				CLANG_WARN_CONSTANT_CONVERSION = YES;
				CLANG_WARN_DEPRECATED_OBJC_IMPLEMENTATIONS = YES;
				CLANG_WARN_DIRECT_OBJC_ISA_USAGE = YES_ERROR;
				CLANG_WARN_DOCUMENTATION_COMMENTS = YES;
				CLANG_WARN_EMPTY_BODY = YES;
				CLANG_WARN_ENUM_CONVERSION = YES;
				CLANG_WARN_INFINITE_RECURSION = YES;
				CLANG_WARN_INT_CONVERSION = YES;
				CLANG_WARN_NON_LITERAL_NULL_CONVERSION = YES;
				CLANG_WARN_OBJC_IMPLICIT_RETAIN_SELF = YES;
				CLANG_WARN_OBJC_LITERAL_CONVERSION = YES;
				CLANG_WARN_OBJC_ROOT_CLASS = YES_ERROR;
				CLANG_WARN_RANGE_LOOP_ANALYSIS = YES;
				CLANG_WARN_STRICT_PROTOTYPES = YES;
				CLANG_WARN_SUSPICIOUS_MOVE = YES;
				CLANG_WARN_UNGUARDED_AVAILABILITY = YES_AGGRESSIVE;
				CLANG_WARN_UNREACHABLE_CODE = YES;
				CLANG_WARN__DUPLICATE_METHOD_MATCH = YES;
				CODE_SIGN_IDENTITY = "iPhone Developer";
				COPY_PHASE_STRIP = NO;
				DEBUG_INFORMATION_FORMAT = "dwarf-with-dsym";
				ENABLE_NS_ASSERTIONS = NO;
				ENABLE_STRICT_OBJC_MSGSEND = YES;
				GCC_C_LANGUAGE_STANDARD = gnu11;
				GCC_NO_COMMON_BLOCKS = YES;
				GCC_WARN_64_TO_32_BIT_CONVERSION = YES;
				GCC_WARN_ABOUT_RETURN_TYPE = YES_ERROR;
				GCC_WARN_UNDECLARED_SELECTOR = YES;
				GCC_WARN_UNINITIALIZED_AUTOS = YES_AGGRESSIVE;
				GCC_WARN_UNUSED_FUNCTION = YES;
				GCC_WARN_UNUSED_VARIABLE = YES;
				IPHONEOS_DEPLOYMENT_TARGET = 12.1;
				MTL_ENABLE_DEBUG_INFO = NO;
				MTL_FAST_MATH = YES;
				SDKROOT = iphoneos;
				SWIFT_COMPILATION_MODE = wholemodule;
				SWIFT_OPTIMIZATION_LEVEL = "-O";
				VALIDATE_PRODUCT = YES;
			};
			name = Release;
		};
		FA018EB42200C6DA002AFF2C /* Debug */ = {
			isa = XCBuildConfiguration;
			buildSettings = {
				ASSETCATALOG_COMPILER_APPICON_NAME = AppIcon;
				CODE_SIGN_STYLE = Automatic;
				DEVELOPMENT_TEAM = 4KNZCS3M9G;
				INFOPLIST_FILE = SwiftGoalCoreDataAppStarter/Info.plist;
				LD_RUNPATH_SEARCH_PATHS = (
					"$(inherited)",
					"@executable_path/Frameworks",
				);
				PRODUCT_BUNDLE_IDENTIFIER = com.ahil.ios.SwiftGoalCoreDataAppStarter;
				PRODUCT_NAME = "$(TARGET_NAME)";
				SWIFT_VERSION = 4.2;
				TARGETED_DEVICE_FAMILY = "1,2";
			};
			name = Debug;
		};
		FA018EB52200C6DA002AFF2C /* Release */ = {
			isa = XCBuildConfiguration;
			buildSettings = {
				ASSETCATALOG_COMPILER_APPICON_NAME = AppIcon;
				CODE_SIGN_STYLE = Automatic;
				DEVELOPMENT_TEAM = 4KNZCS3M9G;
				INFOPLIST_FILE = SwiftGoalCoreDataAppStarter/Info.plist;
				LD_RUNPATH_SEARCH_PATHS = (
					"$(inherited)",
					"@executable_path/Frameworks",
				);
				PRODUCT_BUNDLE_IDENTIFIER = com.ahil.ios.SwiftGoalCoreDataAppStarter;
				PRODUCT_NAME = "$(TARGET_NAME)";
				SWIFT_VERSION = 4.2;
				TARGETED_DEVICE_FAMILY = "1,2";
			};
			name = Release;
		};
/* End XCBuildConfiguration section */

/* Begin XCConfigurationList section */
		FA018E9C2200C6D2002AFF2C /* Build configuration list for PBXProject "SwiftGoalCoreDataAppStarter" */ = {
			isa = XCConfigurationList;
			buildConfigurations = (
				FA018EB12200C6DA002AFF2C /* Debug */,
				FA018EB22200C6DA002AFF2C /* Release */,
			);
			defaultConfigurationIsVisible = 0;
			defaultConfigurationName = Release;
		};
		FA018EB32200C6DA002AFF2C /* Build configuration list for PBXNativeTarget "SwiftGoalCoreDataAppStarter" */ = {
			isa = XCConfigurationList;
			buildConfigurations = (
				FA018EB42200C6DA002AFF2C /* Debug */,
				FA018EB52200C6DA002AFF2C /* Release */,
			);
			defaultConfigurationIsVisible = 0;
			defaultConfigurationName = Release;
		};
/* End XCConfigurationList section */

/* Begin XCVersionGroup section */
		FACD04A822035250005F39CE /* goal_set.xcdatamodeld */ = {
			isa = XCVersionGroup;
			children = (
				FACD04A922035250005F39CE /* goal_set.xcdatamodel */,
			);
			currentVersion = FACD04A922035250005F39CE /* goal_set.xcdatamodel */;
			path = goal_set.xcdatamodeld;
			sourceTree = "<group>";
			versionGroupType = wrapper.xcdatamodel;
		};
/* End XCVersionGroup section */
	};
	rootObject = FA018E992200C6D2002AFF2C /* Project object */;
}
